
Microsoft Visual Studio Solution File, Format Version 12.00
# Visual Studio Version 16
VisualStudioVersion = 16.0.31729.503
MinimumVisualStudioVersion = 10.0.40219.1
Project("{FAE04EC0-301F-11D3-BF4B-00C04F79EFBC}") = "Console_Project_Payroll_Properties", "Console_Project_Payroll_Properties.csproj", "{B6DBE488-D88B-4C08-98DF-E8E8B227E457}"
EndProject
Global
	GlobalSection(SolutionConfigurationPlatforms) = preSolution
		Debug|Any CPU = Debug|Any CPU
		Release|Any CPU = Release|Any CPU
	EndGlobalSection
	GlobalSection(ProjectConfigurationPlatforms) = postSolution
		{B6DBE488-D88B-4C08-98DF-E8E8B227E457}.Debug|Any CPU.ActiveCfg = Debug|Any CPU
		{B6DBE488-D88B-4C08-98DF-E8E8B227E457}.Debug|Any CPU.Build.0 = Debug|Any CPU
		{B6DBE488-D88B-4C08-98DF-E8E8B227E457}.Release|Any CPU.ActiveCfg = Release|Any CPU
		{B6DBE488-D88B-4C08-98DF-E8E8B227E457}.Release|Any CPU.Build.0 = Release|Any CPU
	EndGlobalSection
	GlobalSection(SolutionProperties) = preSolution
		HideSolutionNode = FALSE
	EndGlobalSection
	GlobalSection(ExtensibilityGlobals) = postSolution
		SolutionGuid = {0B46192F-B214-4BF3-AB4F-6D1AB65BA048}
	EndGlobalSection
EndGlobal
